
Microsoft Visual Studio Solution File, Format Version 12.00
# Visual Studio 15
VisualStudioVersion = 15.0.28307.645
MinimumVisualStudioVersion = 10.0.40219.1
Project("{FAE04EC0-301F-11D3-BF4B-00C04F79EFBC}") = "SvrDemo", "SvrDemo\SvrDemo.csproj", "{7F9109D0-BC14-486C-BC85-2F41F8443B93}"
EndProject
Project("{FAE04EC0-301F-11D3-BF4B-00C04F79EFBC}") = "ClientDemo", "ClientDemo\ClientDemo.csproj", "{4DD60CC0-3BF0-4DDF-BB36-DA60251B68BC}"
EndProject
Global
	GlobalSection(SolutionConfigurationPlatforms) = preSolution
		Debug|Any CPU = Debug|Any CPU
		Release|Any CPU = Release|Any CPU
	EndGlobalSection
	GlobalSection(ProjectConfigurationPlatforms) = postSolution
		{7F9109D0-BC14-486C-BC85-2F41F8443B93}.Debug|Any CPU.ActiveCfg = Debug|Any CPU
		{7F9109D0-BC14-486C-BC85-2F41F8443B93}.Debug|Any CPU.Build.0 = Debug|Any CPU
		{7F9109D0-BC14-486C-BC85-2F41F8443B93}.Release|Any CPU.ActiveCfg = Release|Any CPU
		{7F9109D0-BC14-486C-BC85-2F41F8443B93}.Release|Any CPU.Build.0 = Release|Any CPU
		{4DD60CC0-3BF0-4DDF-BB36-DA60251B68BC}.Debug|Any CPU.ActiveCfg = Debug|Any CPU
		{4DD60CC0-3BF0-4DDF-BB36-DA60251B68BC}.Debug|Any CPU.Build.0 = Debug|Any CPU
		{4DD60CC0-3BF0-4DDF-BB36-DA60251B68BC}.Release|Any CPU.ActiveCfg = Release|Any CPU
		{4DD60CC0-3BF0-4DDF-BB36-DA60251B68BC}.Release|Any CPU.Build.0 = Release|Any CPU
	EndGlobalSection
	GlobalSection(SolutionProperties) = preSolution
		HideSolutionNode = FALSE
	EndGlobalSection
	GlobalSection(ExtensibilityGlobals) = postSolution
		SolutionGuid = {4D14523E-D2B1-4580-A0F8-51A475CB35F0}
	EndGlobalSection
EndGlobal
